
Microsoft Visual Studio Solution File, Format Version 12.00
# Visual Studio Version 17
VisualStudioVersion = 17.3.32811.315
MinimumVisualStudioVersion = 10.0.40219.1
Project("{FAE04EC0-301F-11D3-BF4B-00C04F79EFBC}") = "P01", "P01\P01.csproj", "{1AA07B7A-D0D1-4517-BA9A-17288AF30E34}"
EndProject
Project("{FAE04EC0-301F-11D3-BF4B-00C04F79EFBC}") = "P02", "P02\P02.csproj", "{7378C56D-5405-4F84-B8BA-B57CA70CF2F4}"
EndProject
Project("{9A19103F-16F7-4668-BE54-9A1E7A4F7556}") = "List - metody", "List - metody\List - metody.csproj", "{26B920A7-1192-4638-9DC5-1A805A9ADFDE}"
EndProject
Project("{FAE04EC0-301F-11D3-BF4B-00C04F79EFBC}") = "P03", "P03\P03.csproj", "{9E50274E-2ED5-4F42-9194-267388E9DCC6}"
EndProject
Project("{FAE04EC0-301F-11D3-BF4B-00C04F79EFBC}") = "P04", "P04\P04.csproj", "{39A86FA3-42CC-4597-A1C2-D8E7083F31C2}"
EndProject
Project("{FAE04EC0-301F-11D3-BF4B-00C04F79EFBC}") = "P05", "P05\P05.csproj", "{FDED70E9-8909-40C1-A8B3-C4769C2B6022}"
EndProject
Project("{FAE04EC0-301F-11D3-BF4B-00C04F79EFBC}") = "P06", "P06\P06.csproj", "{673CDE34-2494-4C05-A477-C9549FE38E9E}"
EndProject
Project("{FAE04EC0-301F-11D3-BF4B-00C04F79EFBC}") = "P07", "P07\P07.csproj", "{96114E40-E7E8-4E94-B787-16458B9D136B}"
EndProject
Project("{FAE04EC0-301F-11D3-BF4B-00C04F79EFBC}") = "P08", "P08\P08.csproj", "{C3A9FB0D-E906-468C-9777-829BD3733BCD}"
EndProject
Project("{FAE04EC0-301F-11D3-BF4B-00C04F79EFBC}") = "P09", "P09\P09.csproj", "{94E73377-21FF-4EE7-9BAC-712E38537EB0}"
EndProject
Global
	GlobalSection(SolutionConfigurationPlatforms) = preSolution
		Debug|Any CPU = Debug|Any CPU
		Release|Any CPU = Release|Any CPU
	EndGlobalSection
	GlobalSection(ProjectConfigurationPlatforms) = postSolution
		{1AA07B7A-D0D1-4517-BA9A-17288AF30E34}.Debug|Any CPU.ActiveCfg = Debug|Any CPU
		{1AA07B7A-D0D1-4517-BA9A-17288AF30E34}.Debug|Any CPU.Build.0 = Debug|Any CPU
		{1AA07B7A-D0D1-4517-BA9A-17288AF30E34}.Release|Any CPU.ActiveCfg = Release|Any CPU
		{1AA07B7A-D0D1-4517-BA9A-17288AF30E34}.Release|Any CPU.Build.0 = Release|Any CPU
		{7378C56D-5405-4F84-B8BA-B57CA70CF2F4}.Debug|Any CPU.ActiveCfg = Debug|Any CPU
		{7378C56D-5405-4F84-B8BA-B57CA70CF2F4}.Debug|Any CPU.Build.0 = Debug|Any CPU
		{7378C56D-5405-4F84-B8BA-B57CA70CF2F4}.Release|Any CPU.ActiveCfg = Release|Any CPU
		{7378C56D-5405-4F84-B8BA-B57CA70CF2F4}.Release|Any CPU.Build.0 = Release|Any CPU
		{26B920A7-1192-4638-9DC5-1A805A9ADFDE}.Debug|Any CPU.ActiveCfg = Debug|Any CPU
		{26B920A7-1192-4638-9DC5-1A805A9ADFDE}.Debug|Any CPU.Build.0 = Debug|Any CPU
		{26B920A7-1192-4638-9DC5-1A805A9ADFDE}.Release|Any CPU.ActiveCfg = Release|Any CPU
		{26B920A7-1192-4638-9DC5-1A805A9ADFDE}.Release|Any CPU.Build.0 = Release|Any CPU
		{9E50274E-2ED5-4F42-9194-267388E9DCC6}.Debug|Any CPU.ActiveCfg = Debug|Any CPU
		{9E50274E-2ED5-4F42-9194-267388E9DCC6}.Debug|Any CPU.Build.0 = Debug|Any CPU
		{9E50274E-2ED5-4F42-9194-267388E9DCC6}.Release|Any CPU.ActiveCfg = Release|Any CPU
		{9E50274E-2ED5-4F42-9194-267388E9DCC6}.Release|Any CPU.Build.0 = Release|Any CPU
		{39A86FA3-42CC-4597-A1C2-D8E7083F31C2}.Debug|Any CPU.ActiveCfg = Debug|Any CPU
		{39A86FA3-42CC-4597-A1C2-D8E7083F31C2}.Debug|Any CPU.Build.0 = Debug|Any CPU
		{39A86FA3-42CC-4597-A1C2-D8E7083F31C2}.Release|Any CPU.ActiveCfg = Release|Any CPU
		{39A86FA3-42CC-4597-A1C2-D8E7083F31C2}.Release|Any CPU.Build.0 = Release|Any CPU
		{FDED70E9-8909-40C1-A8B3-C4769C2B6022}.Debug|Any CPU.ActiveCfg = Debug|Any CPU
		{FDED70E9-8909-40C1-A8B3-C4769C2B6022}.Debug|Any CPU.Build.0 = Debug|Any CPU
		{FDED70E9-8909-40C1-A8B3-C4769C2B6022}.Release|Any CPU.ActiveCfg = Release|Any CPU
		{FDED70E9-8909-40C1-A8B3-C4769C2B6022}.Release|Any CPU.Build.0 = Release|Any CPU
		{673CDE34-2494-4C05-A477-C9549FE38E9E}.Debug|Any CPU.ActiveCfg = Debug|Any CPU
		{673CDE34-2494-4C05-A477-C9549FE38E9E}.Debug|Any CPU.Build.0 = Debug|Any CPU
		{673CDE34-2494-4C05-A477-C9549FE38E9E}.Release|Any CPU.ActiveCfg = Release|Any CPU
		{673CDE34-2494-4C05-A477-C9549FE38E9E}.Release|Any CPU.Build.0 = Release|Any CPU
		{96114E40-E7E8-4E94-B787-16458B9D136B}.Debug|Any CPU.ActiveCfg = Debug|Any CPU
		{96114E40-E7E8-4E94-B787-16458B9D136B}.Debug|Any CPU.Build.0 = Debug|Any CPU
		{96114E40-E7E8-4E94-B787-16458B9D136B}.Release|Any CPU.ActiveCfg = Release|Any CPU
		{96114E40-E7E8-4E94-B787-16458B9D136B}.Release|Any CPU.Build.0 = Release|Any CPU
		{C3A9FB0D-E906-468C-9777-829BD3733BCD}.Debug|Any CPU.ActiveCfg = Debug|Any CPU
		{C3A9FB0D-E906-468C-9777-829BD3733BCD}.Debug|Any CPU.Build.0 = Debug|Any CPU
		{C3A9FB0D-E906-468C-9777-829BD3733BCD}.Release|Any CPU.ActiveCfg = Release|Any CPU
		{C3A9FB0D-E906-468C-9777-829BD3733BCD}.Release|Any CPU.Build.0 = Release|Any CPU
		{94E73377-21FF-4EE7-9BAC-712E38537EB0}.Debug|Any CPU.ActiveCfg = Debug|Any CPU
		{94E73377-21FF-4EE7-9BAC-712E38537EB0}.Debug|Any CPU.Build.0 = Debug|Any CPU
		{94E73377-21FF-4EE7-9BAC-712E38537EB0}.Release|Any CPU.ActiveCfg = Release|Any CPU
		{94E73377-21FF-4EE7-9BAC-712E38537EB0}.Release|Any CPU.Build.0 = Release|Any CPU
	EndGlobalSection
	GlobalSection(SolutionProperties) = preSolution
		HideSolutionNode = FALSE
	EndGlobalSection
	GlobalSection(ExtensibilityGlobals) = postSolution
		SolutionGuid = {CC9B4E57-10A4-4930-9E0E-26BF116FEF59}
	EndGlobalSection
EndGlobal
